
Microsoft Visual Studio Solution File, Format Version 12.00
# Visual Studio 2012
Project("{FAE04EC0-301F-11D3-BF4B-00C04F79EFBC}") = "LocalDetect", "LocalDetect\LocalDetect.csproj", "{AF3640F5-D65F-42DE-AB11-C67DA59F06B0}"
EndProject
Project("{FAE04EC0-301F-11D3-BF4B-00C04F79EFBC}") = "LocalDetectTest", "LocalDetectTest\LocalDetectTest.csproj", "{F1F0EBF5-1E19-41C0-AA2C-80974A75A484}"
EndProject
Global
	GlobalSection(SolutionConfigurationPlatforms) = preSolution
		Debug|Any CPU = Debug|Any CPU
		Release|Any CPU = Release|Any CPU
	EndGlobalSection
	GlobalSection(ProjectConfigurationPlatforms) = postSolution
		{AF3640F5-D65F-42DE-AB11-C67DA59F06B0}.Debug|Any CPU.ActiveCfg = Debug|Any CPU
		{AF3640F5-D65F-42DE-AB11-C67DA59F06B0}.Debug|Any CPU.Build.0 = Debug|Any CPU
		{AF3640F5-D65F-42DE-AB11-C67DA59F06B0}.Release|Any CPU.ActiveCfg = Release|Any CPU
		{AF3640F5-D65F-42DE-AB11-C67DA59F06B0}.Release|Any CPU.Build.0 = Release|Any CPU
		{F1F0EBF5-1E19-41C0-AA2C-80974A75A484}.Debug|Any CPU.ActiveCfg = Debug|Any CPU
		{F1F0EBF5-1E19-41C0-AA2C-80974A75A484}.Debug|Any CPU.Build.0 = Debug|Any CPU
		{F1F0EBF5-1E19-41C0-AA2C-80974A75A484}.Release|Any CPU.ActiveCfg = Release|Any CPU
		{F1F0EBF5-1E19-41C0-AA2C-80974A75A484}.Release|Any CPU.Build.0 = Release|Any CPU
	EndGlobalSection
	GlobalSection(SolutionProperties) = preSolution
		HideSolutionNode = FALSE
	EndGlobalSection
EndGlobal
